# THIS IS AN AUTOGENERATED FILE. DO NOT EDIT THIS FILE DIRECTLY.
# yarn lockfile v1


"@darkroom.engineering/tempus@^0.0.46":
  version "0.0.46"
  resolved "https://registry.npmjs.org/@darkroom.engineering/tempus/-/tempus-0.0.46.tgz"
  integrity sha512-s5vav3KMHYezvUCl4ee5epg0oimF6M8C9gAaKxFnFaTvX2q3ywFDryIv6XLd0mRFUt3S1uHDJqKaiEcs2ZVSvw==

"@isaacs/cliui@^8.0.2":
  version "8.0.2"
  dependencies:
    string-width "^5.1.2"
    string-width-cjs "npm:string-width@^4.2.0"
    strip-ansi "^7.0.1"
    strip-ansi-cjs "npm:strip-ansi@^6.0.1"
    wrap-ansi "^8.1.0"
    wrap-ansi-cjs "npm:wrap-ansi@^7.0.0"

"@isaacs/string-locale-compare@^1.1.0":
  version "1.1.0"

"@npmcli/agent@^2.0.0":
  version "2.2.2"
  dependencies:
    agent-base "^7.1.0"
    http-proxy-agent "^7.0.0"
    https-proxy-agent "^7.0.1"
    lru-cache "^10.0.1"
    socks-proxy-agent "^8.0.3"

"@npmcli/arborist@^7.5.4":
  version "7.5.4"
  dependencies:
    "@isaacs/string-locale-compare" "^1.1.0"
    "@npmcli/fs" "^3.1.1"
    "@npmcli/installed-package-contents" "^2.1.0"
    "@npmcli/map-workspaces" "^3.0.2"
    "@npmcli/metavuln-calculator" "^7.1.1"
    "@npmcli/name-from-folder" "^2.0.0"
    "@npmcli/node-gyp" "^3.0.0"
    "@npmcli/package-json" "^5.1.0"
    "@npmcli/query" "^3.1.0"
    "@npmcli/redact" "^2.0.0"
    "@npmcli/run-script" "^8.1.0"
    bin-links "^4.0.4"
    cacache "^18.0.3"
    common-ancestor-path "^1.0.1"
    hosted-git-info "^7.0.2"
    json-parse-even-better-errors "^3.0.2"
    json-stringify-nice "^1.1.4"
    lru-cache "^10.2.2"
    minimatch "^9.0.4"
    nopt "^7.2.1"
    npm-install-checks "^6.2.0"
    npm-package-arg "^11.0.2"
    npm-pick-manifest "^9.0.1"
    npm-registry-fetch "^17.0.1"
    pacote "^18.0.6"
    parse-conflict-json "^3.0.0"
    proc-log "^4.2.0"
    proggy "^2.0.0"
    promise-all-reject-late "^1.0.0"
    promise-call-limit "^3.0.1"
    read-package-json-fast "^3.0.2"
    semver "^7.3.7"
    ssri "^10.0.6"
    treeverse "^3.0.0"
    walk-up-path "^3.0.1"

"@npmcli/config@^8.3.4":
  version "8.3.4"
  dependencies:
    "@npmcli/map-workspaces" "^3.0.2"
    "@npmcli/package-json" "^5.1.1"
    ci-info "^4.0.0"
    ini "^4.1.2"
    nopt "^7.2.1"
    proc-log "^4.2.0"
    semver "^7.3.5"
    walk-up-path "^3.0.1"

"@npmcli/fs@^3.1.0", "@npmcli/fs@^3.1.1":
  version "3.1.1"
  dependencies:
    semver "^7.3.5"

"@npmcli/git@^5.0.0", "@npmcli/git@^5.0.7":
  version "5.0.8"
  dependencies:
    "@npmcli/promise-spawn" "^7.0.0"
    ini "^4.1.3"
    lru-cache "^10.0.1"
    npm-pick-manifest "^9.0.0"
    proc-log "^4.0.0"
    promise-inflight "^1.0.1"
    promise-retry "^2.0.1"
    semver "^7.3.5"
    which "^4.0.0"

"@npmcli/installed-package-contents@^2.0.1", "@npmcli/installed-package-contents@^2.1.0":
  version "2.1.0"
  dependencies:
    npm-bundled "^3.0.0"
    npm-normalize-package-bin "^3.0.0"

"@npmcli/map-workspaces@^3.0.2", "@npmcli/map-workspaces@^3.0.6":
  version "3.0.6"
  dependencies:
    "@npmcli/name-from-folder" "^2.0.0"
    glob "^10.2.2"
    minimatch "^9.0.0"
    read-package-json-fast "^3.0.0"

"@npmcli/metavuln-calculator@^7.1.1":
  version "7.1.1"
  dependencies:
    cacache "^18.0.0"
    json-parse-even-better-errors "^3.0.0"
    pacote "^18.0.0"
    proc-log "^4.1.0"
    semver "^7.3.5"

"@npmcli/name-from-folder@^2.0.0":
  version "2.0.0"

"@npmcli/node-gyp@^3.0.0":
  version "3.0.0"

"@npmcli/package-json@^5.0.0", "@npmcli/package-json@^5.1.0", "@npmcli/package-json@^5.1.1", "@npmcli/package-json@^5.2.0":
  version "5.2.0"
  dependencies:
    "@npmcli/git" "^5.0.0"
    glob "^10.2.2"
    hosted-git-info "^7.0.0"
    json-parse-even-better-errors "^3.0.0"
    normalize-package-data "^6.0.0"
    proc-log "^4.0.0"
    semver "^7.5.3"

"@npmcli/promise-spawn@^7.0.0", "@npmcli/promise-spawn@^7.0.2":
  version "7.0.2"
  dependencies:
    which "^4.0.0"

"@npmcli/query@^3.1.0":
  version "3.1.0"
  dependencies:
    postcss-selector-parser "^6.0.10"

"@npmcli/redact@^2.0.0", "@npmcli/redact@^2.0.1":
  version "2.0.1"

"@npmcli/run-script@^8.0.0", "@npmcli/run-script@^8.1.0":
  version "8.1.0"
  dependencies:
    "@npmcli/node-gyp" "^3.0.0"
    "@npmcli/package-json" "^5.0.0"
    "@npmcli/promise-spawn" "^7.0.0"
    node-gyp "^10.0.0"
    proc-log "^4.0.0"
    which "^4.0.0"

"@pkgjs/parseargs@^0.11.0":
  version "0.11.0"

"@rollup/pluginutils@^4.2.1":
  version "4.2.1"
  resolved "https://registry.npmjs.org/@rollup/pluginutils/-/pluginutils-4.2.1.tgz"
  integrity sha512-iKnFXr7NkdZAIHiIWE+BX5ULi/ucVFYWD6TbAV+rZctiRTY2PL6tsIKhoIOaoskiWAkgu+VsbXgUVDNLHf+InQ==
  dependencies:
    estree-walker "^2.0.1"
    picomatch "^2.2.2"

"@sigstore/bundle@^2.3.2":
  version "2.3.2"
  dependencies:
    "@sigstore/protobuf-specs" "^0.3.2"

"@sigstore/core@^1.0.0", "@sigstore/core@^1.1.0":
  version "1.1.0"

"@sigstore/protobuf-specs@^0.3.2":
  version "0.3.2"

"@sigstore/sign@^2.3.2":
  version "2.3.2"
  dependencies:
    "@sigstore/bundle" "^2.3.2"
    "@sigstore/core" "^1.0.0"
    "@sigstore/protobuf-specs" "^0.3.2"
    make-fetch-happen "^13.0.1"
    proc-log "^4.2.0"
    promise-retry "^2.0.1"

"@sigstore/tuf@^2.3.4":
  version "2.3.4"
  dependencies:
    "@sigstore/protobuf-specs" "^0.3.2"
    tuf-js "^2.2.1"

"@sigstore/verify@^1.2.1":
  version "1.2.1"
  dependencies:
    "@sigstore/bundle" "^2.3.2"
    "@sigstore/core" "^1.1.0"
    "@sigstore/protobuf-specs" "^0.3.2"

"@tufjs/canonical-json@2.0.0":
  version "2.0.0"

"@tufjs/models@2.0.1":
  version "2.0.1"
  dependencies:
    "@tufjs/canonical-json" "2.0.0"
    minimatch "^9.0.4"

abbrev@^2.0.0:
  version "2.0.0"

agent-base@^7.0.2, agent-base@^7.1.0, agent-base@^7.1.1:
  version "7.1.1"
  dependencies:
    debug "^4.3.4"

aggregate-error@^3.0.0:
  version "3.1.0"
  dependencies:
    clean-stack "^2.0.0"
    indent-string "^4.0.0"

ansi-regex@^5.0.1:
  version "5.0.1"

ansi-regex@^6.0.1:
  version "6.0.1"

ansi-styles@^4.0.0:
  version "4.3.0"
  dependencies:
    color-convert "^2.0.1"

ansi-styles@^6.1.0:
  version "6.2.1"

aproba@^2.0.0:
  version "2.0.0"

archy@~1.0.0:
  version "1.0.0"

balanced-match@^1.0.0:
  version "1.0.2"
  resolved "https://registry.npmjs.org/balanced-match/-/balanced-match-1.0.2.tgz"
  integrity sha512-3oSeUO0TMV67hN1AmbXsK4yaqU7tjiHlbxRDZOpH0KW9+CeX4bRAaX0Anxt0tx2MrpRpWwQaPwIlISEJhYU5Pw==

bin-links@^4.0.4:
  version "4.0.4"
  dependencies:
    cmd-shim "^6.0.0"
    npm-normalize-package-bin "^3.0.0"
    read-cmd-shim "^4.0.0"
    write-file-atomic "^5.0.0"

binary-extensions@^2.3.0:
  version "2.3.0"

brace-expansion@^1.1.7:
  version "1.1.11"
  resolved "https://registry.npmjs.org/brace-expansion/-/brace-expansion-1.1.11.tgz"
  integrity sha512-iCuPHDFgrHX7H2vEI/5xpz07zSHB00TpugqhmYtVmMO6518mCuRMoOYFldEBl0g187ufozdaHgWKcYFb61qGiA==
  dependencies:
    balanced-match "^1.0.0"
    concat-map "0.0.1"

brace-expansion@^2.0.1:
  version "2.0.1"
  dependencies:
    balanced-match "^1.0.0"

cacache@^18.0.0, cacache@^18.0.3, cacache@^18.0.4:
  version "18.0.4"
  dependencies:
    "@npmcli/fs" "^3.1.0"
    fs-minipass "^3.0.0"
    glob "^10.2.2"
    lru-cache "^10.0.1"
    minipass "^7.0.3"
    minipass-collect "^2.0.1"
    minipass-flush "^1.0.5"
    minipass-pipeline "^1.2.4"
    p-map "^4.0.0"
    ssri "^10.0.0"
    tar "^6.1.11"
    unique-filename "^3.0.0"

chalk@^5.3.0:
  version "5.3.0"

chownr@^2.0.0:
  version "2.0.0"

ci-info@^4.0.0:
  version "4.0.0"

cidr-regex@^4.1.1:
  version "4.1.1"
  dependencies:
    ip-regex "^5.0.0"

clean-stack@^2.0.0:
  version "2.2.0"

cli-columns@^4.0.0:
  version "4.0.0"
  dependencies:
    string-width "^4.2.3"
    strip-ansi "^6.0.1"

cmd-shim@^6.0.0:
  version "6.0.3"

color-convert@^2.0.1:
  version "2.0.1"
  dependencies:
    color-name "~1.1.4"

color-name@~1.1.4:
  version "1.1.4"

common-ancestor-path@^1.0.1:
  version "1.0.1"

concat-map@0.0.1:
  version "0.0.1"
  resolved "https://registry.npmjs.org/concat-map/-/concat-map-0.0.1.tgz"
  integrity sha512-/Srv4dswyQNBfohGpz9o6Yb3Gz3SrUDqBH5rTuhGR7ahtlbYKnVxw2bCFMRljaA7EXHaXZ8wsHdodFvbkhKmqg==

core-js@^3.26.1:
  version "3.38.1"
  resolved "https://registry.npmjs.org/core-js/-/core-js-3.38.1.tgz"
  integrity sha512-OP35aUorbU3Zvlx7pjsFdu1rGNnD4pgw/CWoYzRY3t2EzoVT7shKHY1dlAy3f41cGIO7ZDPQimhGFTlEYkG/Hw==

cross-spawn@^7.0.0:
  version "7.0.3"
  dependencies:
    path-key "^3.1.0"
    shebang-command "^2.0.0"
    which "^2.0.1"

cssesc@^3.0.0:
  version "3.0.0"

custom-event-polyfill@^1.0.7:
  version "1.0.7"
  resolved "https://registry.npmjs.org/custom-event-polyfill/-/custom-event-polyfill-1.0.7.tgz"
  integrity sha512-TDDkd5DkaZxZFM8p+1I3yAlvM3rSr1wbrOliG4yJiwinMZN8z/iGL7BTlDkrJcYTmgUSb4ywVCc3ZaUtOtC76w==

debug@^4.3.4, debug@4:
  version "4.3.6"
  dependencies:
    ms "2.1.2"

diff@^5.1.0:
  version "5.2.0"

eastasianwidth@^0.2.0:
  version "0.2.0"

emoji-regex@^8.0.0:
  version "8.0.0"

emoji-regex@^9.2.2:
  version "9.2.2"

encoding@^0.1.13:
  version "0.1.13"
  dependencies:
    iconv-lite "^0.6.2"

env-paths@^2.2.0:
  version "2.2.1"

err-code@^2.0.2:
  version "2.0.3"

esbuild-darwin-arm64@0.14.54:
  version "0.14.54"
  resolved "https://registry.npmjs.org/esbuild-darwin-arm64/-/esbuild-darwin-arm64-0.14.54.tgz"
  integrity sha512-OPafJHD2oUPyvJMrsCvDGkRrVCar5aVyHfWGQzY1dWnzErjrDuSETxwA2HSsyg2jORLY8yBfzc1MIpUkXlctmw==

esbuild@^0.14.27:
  version "0.14.54"
  resolved "https://registry.npmjs.org/esbuild/-/esbuild-0.14.54.tgz"
  integrity sha512-Cy9llcy8DvET5uznocPyqL3BFRrFXSVqbgpMJ9Wz8oVjZlh/zUSNbPRbov0VX7VxN2JH1Oa0uNxZ7eLRb62pJA==
  optionalDependencies:
    "@esbuild/linux-loong64" "0.14.54"
    esbuild-android-64 "0.14.54"
    esbuild-android-arm64 "0.14.54"
    esbuild-darwin-64 "0.14.54"
    esbuild-darwin-arm64 "0.14.54"
    esbuild-freebsd-64 "0.14.54"
    esbuild-freebsd-arm64 "0.14.54"
    esbuild-linux-32 "0.14.54"
    esbuild-linux-64 "0.14.54"
    esbuild-linux-arm "0.14.54"
    esbuild-linux-arm64 "0.14.54"
    esbuild-linux-mips64le "0.14.54"
    esbuild-linux-ppc64le "0.14.54"
    esbuild-linux-riscv64 "0.14.54"
    esbuild-linux-s390x "0.14.54"
    esbuild-netbsd-64 "0.14.54"
    esbuild-openbsd-64 "0.14.54"
    esbuild-sunos-64 "0.14.54"
    esbuild-windows-32 "0.14.54"
    esbuild-windows-64 "0.14.54"
    esbuild-windows-arm64 "0.14.54"

estree-walker@^2.0.1:
  version "2.0.2"
  resolved "https://registry.npmjs.org/estree-walker/-/estree-walker-2.0.2.tgz"
  integrity sha512-Rfkk/Mp/DL7JVje3u18FxFujQlTNR2q6QfMSMB7AvCBx91NGj/ba3kCfza0f6dVDbw7YlRf/nDrn7pQrCCyQ/w==

exponential-backoff@^3.1.1:
  version "3.1.1"

fastest-levenshtein@^1.0.16:
  version "1.0.16"

foreground-child@^3.1.0:
  version "3.3.0"
  dependencies:
    cross-spawn "^7.0.0"
    signal-exit "^4.0.1"

fs-minipass@^2.0.0:
  version "2.1.0"
  dependencies:
    minipass "^3.0.0"

fs-minipass@^3.0.0, fs-minipass@^3.0.3:
  version "3.0.3"
  dependencies:
    minipass "^7.0.3"

fs.realpath@^1.0.0:
  version "1.0.0"
  resolved "https://registry.npmjs.org/fs.realpath/-/fs.realpath-1.0.0.tgz"
  integrity sha512-OO0pH2lK6a0hZnAdau5ItzHPI6pUlvI7jMVnxUQRtw4owF2wk8lOSabtGDCTP4Ggrg2MbGnWO9X8K1t4+fGMDw==

fsevents@~2.3.2:
  version "2.3.3"
  resolved "https://registry.npmjs.org/fsevents/-/fsevents-2.3.3.tgz"
  integrity sha512-5xoDfX+fL7faATnagmWPpbFtwh/R77WmMMqqHGS65C3vvB0YHrgF+B1YmZ3441tMj5n63k0212XNoJwzlhffQw==

function-bind@^1.1.2:
  version "1.1.2"
  resolved "https://registry.npmjs.org/function-bind/-/function-bind-1.1.2.tgz"
  integrity sha512-7XHNxH7qX9xG5mIwxkhumTox/MIRNcOgDrxWsMt2pAr23WHp6MrRlN7FBSFpCpr+oVO0F744iUgR82nJMfG2SA==

glob@^10.2.2, glob@^10.3.10, glob@^10.4.5:
  version "10.4.5"
  dependencies:
    foreground-child "^3.1.0"
    jackspeak "^3.1.2"
    minimatch "^9.0.4"
    minipass "^7.1.2"
    package-json-from-dist "^1.0.0"
    path-scurry "^1.11.1"

glob@^7.1.3:
  version "7.2.3"
  resolved "https://registry.npmjs.org/glob/-/glob-7.2.3.tgz"
  integrity sha512-nFR0zLpU2YCaRxwoCJvL6UvCH2JFyFVIvwTLsIf21AuHlMskA1hhTdk+LlYJtOlYt9v6dvszD2BGRqBL+iQK9Q==
  dependencies:
    fs.realpath "^1.0.0"
    inflight "^1.0.4"
    inherits "2"
    minimatch "^3.1.1"
    once "^1.3.0"
    path-is-absolute "^1.0.0"

graceful-fs@^4.2.11, graceful-fs@^4.2.6:
  version "4.2.11"

gsap@^3.12.5:
  version "3.12.5"
  resolved "https://registry.npmjs.org/gsap/-/gsap-3.12.5.tgz"
  integrity sha512-srBfnk4n+Oe/ZnMIOXt3gT605BX9x5+rh/prT2F1SsNJsU1XuMiP0E2aptW481OnonOGACZWBqseH5Z7csHxhQ==

hasown@^2.0.0:
  version "2.0.2"
  resolved "https://registry.npmjs.org/hasown/-/hasown-2.0.2.tgz"
  integrity sha512-0hJU9SCPvmMzIBdZFqNPXWa6dqh7WdH0cII9y+CyS8rG3nL48Bclra9HmKhVVUHyPWNH5Y7xDwAB7bfgSjkUMQ==
  dependencies:
    function-bind "^1.1.2"

hosted-git-info@^7.0.0, hosted-git-info@^7.0.2:
  version "7.0.2"
  dependencies:
    lru-cache "^10.0.1"

http-cache-semantics@^4.1.1:
  version "4.1.1"

http-proxy-agent@^7.0.0:
  version "7.0.2"
  dependencies:
    agent-base "^7.1.0"
    debug "^4.3.4"

https-proxy-agent@^7.0.1:
  version "7.0.5"
  dependencies:
    agent-base "^7.0.2"
    debug "4"

i@^0.3.7:
  version "0.3.7"
  resolved "https://registry.npmjs.org/i/-/i-0.3.7.tgz"
  integrity sha512-FYz4wlXgkQwIPqhzC5TdNMLSE5+GS1IIDJZY/1ZiEPCT2S3COUVZeT5OW4BmW4r5LHLQuOosSwsvnroG9GR59Q==

iconv-lite@^0.6.2:
  version "0.6.3"
  dependencies:
    safer-buffer ">= 2.1.2 < 3.0.0"

ignore-walk@^6.0.4:
  version "6.0.5"
  dependencies:
    minimatch "^9.0.0"

imurmurhash@^0.1.4:
  version "0.1.4"

indent-string@^4.0.0:
  version "4.0.0"

inflight@^1.0.4:
  version "1.0.6"
  resolved "https://registry.npmjs.org/inflight/-/inflight-1.0.6.tgz"
  integrity sha512-k92I/b08q4wvFscXCLvqfsHCrjrF7yiXsQuIVvVE7N82W3+aqpzuUdBbfhWcy/FZR3/4IgflMgKLOsvPDrGCJA==
  dependencies:
    once "^1.3.0"
    wrappy "1"

inherits@2:
  version "2.0.4"
  resolved "https://registry.npmjs.org/inherits/-/inherits-2.0.4.tgz"
  integrity sha512-k/vGaX4/Yla3WzyMCvTQOXYeIHvqOKtnqBduzTHpzpQZzAskKMhZ2K+EnBiSM9zGSoIFeMpXKxa4dYeZIQqewQ==

ini@^4.1.2, ini@^4.1.3:
  version "4.1.3"

init-package-json@^6.0.3:
  version "6.0.3"
  dependencies:
    "@npmcli/package-json" "^5.0.0"
    npm-package-arg "^11.0.0"
    promzard "^1.0.0"
    read "^3.0.1"
    semver "^7.3.5"
    validate-npm-package-license "^3.0.4"
    validate-npm-package-name "^5.0.0"

ip-address@^9.0.5:
  version "9.0.5"
  dependencies:
    jsbn "1.1.0"
    sprintf-js "^1.1.3"

ip-regex@^5.0.0:
  version "5.0.0"

is-cidr@^5.1.0:
  version "5.1.0"
  dependencies:
    cidr-regex "^4.1.1"

is-core-module@^2.13.0:
  version "2.13.1"
  resolved "https://registry.npmjs.org/is-core-module/-/is-core-module-2.13.1.tgz"
  integrity sha512-hHrIjvZsftOsvKSn2TRYl63zvxsgE0K+0mYMoH6gD4omR5IWB2KynivBQczo3+wF1cCkjzvptnI9Q0sPU66ilw==
  dependencies:
    hasown "^2.0.0"

is-fullwidth-code-point@^3.0.0:
  version "3.0.0"

is-lambda@^1.0.1:
  version "1.0.1"

isexe@^2.0.0:
  version "2.0.0"

isexe@^3.1.1:
  version "3.1.1"

jackspeak@^3.1.2:
  version "3.4.3"
  dependencies:
    "@isaacs/cliui" "^8.0.2"
  optionalDependencies:
    "@pkgjs/parseargs" "^0.11.0"

jsbn@1.1.0:
  version "1.1.0"

json-parse-even-better-errors@^3.0.0, json-parse-even-better-errors@^3.0.2:
  version "3.0.2"

json-stringify-nice@^1.1.4:
  version "1.1.4"

jsonparse@^1.3.1:
  version "1.3.1"

just-diff-apply@^5.2.0:
  version "5.5.0"

just-diff@^6.0.0:
  version "6.0.2"

lenis@^1.1.13:
  version "1.1.13"
  resolved "https://registry.npmjs.org/lenis/-/lenis-1.1.13.tgz"
  integrity sha512-iny+vWwUHcZGbJz+p2I75H1muLBRZqSG7t04jnhA+CWOQDFL1vt9bsZDwPPtYEmYVVvqAdo5MbXVFzNOlbgUkQ==
  dependencies:
    "@darkroom.engineering/tempus" "^0.0.46"

libnpmaccess@^8.0.6:
  version "8.0.6"
  dependencies:
    npm-package-arg "^11.0.2"
    npm-registry-fetch "^17.0.1"

libnpmdiff@^6.1.4:
  version "6.1.4"
  dependencies:
    "@npmcli/arborist" "^7.5.4"
    "@npmcli/installed-package-contents" "^2.1.0"
    binary-extensions "^2.3.0"
    diff "^5.1.0"
    minimatch "^9.0.4"
    npm-package-arg "^11.0.2"
    pacote "^18.0.6"
    tar "^6.2.1"

libnpmexec@^8.1.4:
  version "8.1.4"
  dependencies:
    "@npmcli/arborist" "^7.5.4"
    "@npmcli/run-script" "^8.1.0"
    ci-info "^4.0.0"
    npm-package-arg "^11.0.2"
    pacote "^18.0.6"
    proc-log "^4.2.0"
    read "^3.0.1"
    read-package-json-fast "^3.0.2"
    semver "^7.3.7"
    walk-up-path "^3.0.1"

libnpmfund@^5.0.12:
  version "5.0.12"
  dependencies:
    "@npmcli/arborist" "^7.5.4"

libnpmhook@^10.0.5:
  version "10.0.5"
  dependencies:
    aproba "^2.0.0"
    npm-registry-fetch "^17.0.1"

libnpmorg@^6.0.6:
  version "6.0.6"
  dependencies:
    aproba "^2.0.0"
    npm-registry-fetch "^17.0.1"

libnpmpack@^7.0.4:
  version "7.0.4"
  dependencies:
    "@npmcli/arborist" "^7.5.4"
    "@npmcli/run-script" "^8.1.0"
    npm-package-arg "^11.0.2"
    pacote "^18.0.6"

libnpmpublish@^9.0.9:
  version "9.0.9"
  dependencies:
    ci-info "^4.0.0"
    normalize-package-data "^6.0.1"
    npm-package-arg "^11.0.2"
    npm-registry-fetch "^17.0.1"
    proc-log "^4.2.0"
    semver "^7.3.7"
    sigstore "^2.2.0"
    ssri "^10.0.6"

libnpmsearch@^7.0.6:
  version "7.0.6"
  dependencies:
    npm-registry-fetch "^17.0.1"

libnpmteam@^6.0.5:
  version "6.0.5"
  dependencies:
    aproba "^2.0.0"
    npm-registry-fetch "^17.0.1"

libnpmversion@^6.0.3:
  version "6.0.3"
  dependencies:
    "@npmcli/git" "^5.0.7"
    "@npmcli/run-script" "^8.1.0"
    json-parse-even-better-errors "^3.0.2"
    proc-log "^4.2.0"
    semver "^7.3.7"

loadjs@^4.2.0:
  version "4.3.0"
  resolved "https://registry.npmjs.org/loadjs/-/loadjs-4.3.0.tgz"
  integrity sha512-vNX4ZZLJBeDEOBvdr2v/F+0aN5oMuPu7JTqrMwp+DtgK+AryOlpy6Xtm2/HpNr+azEa828oQjOtWsB6iDtSfSQ==

lru-cache@^10.0.1, lru-cache@^10.2.0, lru-cache@^10.2.2:
  version "10.4.3"

make-fetch-happen@^13.0.0, make-fetch-happen@^13.0.1:
  version "13.0.1"
  dependencies:
    "@npmcli/agent" "^2.0.0"
    cacache "^18.0.0"
    http-cache-semantics "^4.1.1"
    is-lambda "^1.0.1"
    minipass "^7.0.2"
    minipass-fetch "^3.0.0"
    minipass-flush "^1.0.5"
    minipass-pipeline "^1.2.4"
    negotiator "^0.6.3"
    proc-log "^4.2.0"
    promise-retry "^2.0.1"
    ssri "^10.0.0"

minimatch@^3.1.1:
  version "3.1.2"
  resolved "https://registry.npmjs.org/minimatch/-/minimatch-3.1.2.tgz"
  integrity sha512-J7p63hRiAjw1NDEww1W7i37+ByIrOWO5XQQAzZ3VOcL0PNybwpfmV/N05zFAzwQ9USyEcX6t3UO+K5aqBQOIHw==
  dependencies:
    brace-expansion "^1.1.7"

minimatch@^9.0.0, minimatch@^9.0.4, minimatch@^9.0.5:
  version "9.0.5"
  dependencies:
    brace-expansion "^2.0.1"

minipass-collect@^2.0.1:
  version "2.0.1"
  dependencies:
    minipass "^7.0.3"

minipass-fetch@^3.0.0:
  version "3.0.5"
  dependencies:
    minipass "^7.0.3"
    minipass-sized "^1.0.3"
    minizlib "^2.1.2"
  optionalDependencies:
    encoding "^0.1.13"

minipass-flush@^1.0.5:
  version "1.0.5"
  dependencies:
    minipass "^3.0.0"

minipass-pipeline@^1.2.4:
  version "1.2.4"
  dependencies:
    minipass "^3.0.0"

minipass-sized@^1.0.3:
  version "1.0.3"
  dependencies:
    minipass "^3.0.0"

minipass@^3.0.0:
  version "3.3.6"
  dependencies:
    yallist "^4.0.0"

"minipass@^5.0.0 || ^6.0.2 || ^7.0.0", minipass@^7.0.2, minipass@^7.0.3, minipass@^7.1.1, minipass@^7.1.2:
  version "7.1.2"

minipass@^5.0.0:
  version "5.0.0"

minizlib@^2.1.1, minizlib@^2.1.2:
  version "2.1.2"
  dependencies:
    minipass "^3.0.0"
    yallist "^4.0.0"

mkdirp@^1.0.3:
  version "1.0.4"

ms@^2.1.2:
  version "2.1.3"

ms@2.1.2:
  version "2.1.2"

mute-stream@^1.0.0:
  version "1.0.0"

nanoid@^3.3.7:
  version "3.3.7"
  resolved "https://registry.npmjs.org/nanoid/-/nanoid-3.3.7.tgz"
  integrity sha512-eSRppjcPIatRIMC1U6UngP8XFcz8MQWGQdt1MTBQ7NaAmvXDfvNxbvWV3x2y6CdEUciCSsDHDQZbhYaB8QEo2g==

negotiator@^0.6.3:
  version "0.6.3"

node-gyp@^10.0.0, node-gyp@^10.2.0:
  version "10.2.0"
  dependencies:
    env-paths "^2.2.0"
    exponential-backoff "^3.1.1"
    glob "^10.3.10"
    graceful-fs "^4.2.6"
    make-fetch-happen "^13.0.0"
    nopt "^7.0.0"
    proc-log "^4.1.0"
    semver "^7.3.5"
    tar "^6.2.1"
    which "^4.0.0"

nopt@^7.0.0, nopt@^7.2.1:
  version "7.2.1"
  dependencies:
    abbrev "^2.0.0"

normalize-package-data@^6.0.0, normalize-package-data@^6.0.1, normalize-package-data@^6.0.2:
  version "6.0.2"
  dependencies:
    hosted-git-info "^7.0.0"
    semver "^7.3.5"
    validate-npm-package-license "^3.0.4"

npm-audit-report@^5.0.0:
  version "5.0.0"

npm-bundled@^3.0.0:
  version "3.0.1"
  dependencies:
    npm-normalize-package-bin "^3.0.0"

npm-install-checks@^6.0.0, npm-install-checks@^6.2.0, npm-install-checks@^6.3.0:
  version "6.3.0"
  dependencies:
    semver "^7.1.1"

npm-normalize-package-bin@^3.0.0:
  version "3.0.1"

npm-package-arg@^11.0.0, npm-package-arg@^11.0.2, npm-package-arg@^11.0.3:
  version "11.0.3"
  dependencies:
    hosted-git-info "^7.0.0"
    proc-log "^4.0.0"
    semver "^7.3.5"
    validate-npm-package-name "^5.0.0"

npm-packlist@^8.0.0:
  version "8.0.2"
  dependencies:
    ignore-walk "^6.0.4"

npm-pick-manifest@^9.0.0, npm-pick-manifest@^9.0.1, npm-pick-manifest@^9.1.0:
  version "9.1.0"
  dependencies:
    npm-install-checks "^6.0.0"
    npm-normalize-package-bin "^3.0.0"
    npm-package-arg "^11.0.0"
    semver "^7.3.5"

npm-profile@^10.0.0:
  version "10.0.0"
  dependencies:
    npm-registry-fetch "^17.0.1"
    proc-log "^4.0.0"

npm-registry-fetch@^17.0.0, npm-registry-fetch@^17.0.1, npm-registry-fetch@^17.1.0:
  version "17.1.0"
  dependencies:
    "@npmcli/redact" "^2.0.0"
    jsonparse "^1.3.1"
    make-fetch-happen "^13.0.0"
    minipass "^7.0.2"
    minipass-fetch "^3.0.0"
    minizlib "^2.1.2"
    npm-package-arg "^11.0.0"
    proc-log "^4.0.0"

npm-user-validate@^2.0.1:
  version "2.0.1"

npm@^10.8.3:
  version "10.8.3"
  resolved "https://registry.npmjs.org/npm/-/npm-10.8.3.tgz"
  integrity sha512-0IQlyAYvVtQ7uOhDFYZCGK8kkut2nh8cpAdA9E6FvRSJaTgtZRZgNjlC5ZCct//L73ygrpY93CxXpRJDtNqPVg==
  dependencies:
    "@isaacs/string-locale-compare" "^1.1.0"
    "@npmcli/arborist" "^7.5.4"
    "@npmcli/config" "^8.3.4"
    "@npmcli/fs" "^3.1.1"
    "@npmcli/map-workspaces" "^3.0.6"
    "@npmcli/package-json" "^5.2.0"
    "@npmcli/promise-spawn" "^7.0.2"
    "@npmcli/redact" "^2.0.1"
    "@npmcli/run-script" "^8.1.0"
    "@sigstore/tuf" "^2.3.4"
    abbrev "^2.0.0"
    archy "~1.0.0"
    cacache "^18.0.4"
    chalk "^5.3.0"
    ci-info "^4.0.0"
    cli-columns "^4.0.0"
    fastest-levenshtein "^1.0.16"
    fs-minipass "^3.0.3"
    glob "^10.4.5"
    graceful-fs "^4.2.11"
    hosted-git-info "^7.0.2"
    ini "^4.1.3"
    init-package-json "^6.0.3"
    is-cidr "^5.1.0"
    json-parse-even-better-errors "^3.0.2"
    libnpmaccess "^8.0.6"
    libnpmdiff "^6.1.4"
    libnpmexec "^8.1.4"
    libnpmfund "^5.0.12"
    libnpmhook "^10.0.5"
    libnpmorg "^6.0.6"
    libnpmpack "^7.0.4"
    libnpmpublish "^9.0.9"
    libnpmsearch "^7.0.6"
    libnpmteam "^6.0.5"
    libnpmversion "^6.0.3"
    make-fetch-happen "^13.0.1"
    minimatch "^9.0.5"
    minipass "^7.1.1"
    minipass-pipeline "^1.2.4"
    ms "^2.1.2"
    node-gyp "^10.2.0"
    nopt "^7.2.1"
    normalize-package-data "^6.0.2"
    npm-audit-report "^5.0.0"
    npm-install-checks "^6.3.0"
    npm-package-arg "^11.0.3"
    npm-pick-manifest "^9.1.0"
    npm-profile "^10.0.0"
    npm-registry-fetch "^17.1.0"
    npm-user-validate "^2.0.1"
    p-map "^4.0.0"
    pacote "^18.0.6"
    parse-conflict-json "^3.0.1"
    proc-log "^4.2.0"
    qrcode-terminal "^0.12.0"
    read "^3.0.1"
    semver "^7.6.3"
    spdx-expression-parse "^4.0.0"
    ssri "^10.0.6"
    supports-color "^9.4.0"
    tar "^6.2.1"
    text-table "~0.2.0"
    tiny-relative-date "^1.3.0"
    treeverse "^3.0.0"
    validate-npm-package-name "^5.0.1"
    which "^4.0.0"
    write-file-atomic "^5.0.1"

once@^1.3.0:
  version "1.4.0"
  resolved "https://registry.npmjs.org/once/-/once-1.4.0.tgz"
  integrity sha512-lNaJgI+2Q5URQBkccEKHTQOPaXdUxnZZElQTZY0MFUAuaEqe1E+Nyvgdz/aIyNi6Z9MzO5dv1H8n58/GELp3+w==
  dependencies:
    wrappy "1"

p-map@^4.0.0:
  version "4.0.0"
  dependencies:
    aggregate-error "^3.0.0"

package-json-from-dist@^1.0.0:
  version "1.0.0"

pacote@^18.0.0, pacote@^18.0.6:
  version "18.0.6"
  dependencies:
    "@npmcli/git" "^5.0.0"
    "@npmcli/installed-package-contents" "^2.0.1"
    "@npmcli/package-json" "^5.1.0"
    "@npmcli/promise-spawn" "^7.0.0"
    "@npmcli/run-script" "^8.0.0"
    cacache "^18.0.0"
    fs-minipass "^3.0.0"
    minipass "^7.0.2"
    npm-package-arg "^11.0.0"
    npm-packlist "^8.0.0"
    npm-pick-manifest "^9.0.0"
    npm-registry-fetch "^17.0.0"
    proc-log "^4.0.0"
    promise-retry "^2.0.1"
    sigstore "^2.2.0"
    ssri "^10.0.0"
    tar "^6.1.11"

parse-conflict-json@^3.0.0, parse-conflict-json@^3.0.1:
  version "3.0.1"
  dependencies:
    json-parse-even-better-errors "^3.0.0"
    just-diff "^6.0.0"
    just-diff-apply "^5.2.0"

path-is-absolute@^1.0.0:
  version "1.0.1"
  resolved "https://registry.npmjs.org/path-is-absolute/-/path-is-absolute-1.0.1.tgz"
  integrity sha512-AVbw3UJ2e9bq64vSaS9Am0fje1Pa8pbGqTTsmXfaIiMpnr5DlDhfJOuLj9Sf95ZPVDAUerDfEk88MPmPe7UCQg==

path-key@^3.1.0:
  version "3.1.1"

path-parse@^1.0.7:
  version "1.0.7"
  resolved "https://registry.npmjs.org/path-parse/-/path-parse-1.0.7.tgz"
  integrity sha512-LDJzPVEEEPR+y48z93A0Ed0yXb8pAByGWo/k5YYdYgpY2/2EsOsksJrq7lOHxryrVOn1ejG6oAp8ahvOIQD8sw==

path-scurry@^1.11.1:
  version "1.11.1"
  dependencies:
    lru-cache "^10.2.0"
    minipass "^5.0.0 || ^6.0.2 || ^7.0.0"

picocolors@^1.0.0:
  version "1.0.0"
  resolved "https://registry.npmjs.org/picocolors/-/picocolors-1.0.0.tgz"
  integrity sha512-1fygroTLlHu66zi26VoTDv8yRgm0Fccecssto+MhsZ0D/DGW2sm8E8AjW7NU5VVTRt5GxbeZ5qBuJr+HyLYkjQ==

picomatch@^2.2.2:
  version "2.3.1"
  resolved "https://registry.npmjs.org/picomatch/-/picomatch-2.3.1.tgz"
  integrity sha512-JU3teHTNjmE2VCGFzuY8EXzCDVwEqB2a8fsIvwaStHhAWJEeVd1o1QD80CU6+ZdEXXSLbSsuLwJjkCBWqRQUVA==

plyr@^3.7.8:
  version "3.7.8"
  resolved "https://registry.npmjs.org/plyr/-/plyr-3.7.8.tgz"
  integrity sha512-yG/EHDobwbB/uP+4Bm6eUpJ93f8xxHjjk2dYcD1Oqpe1EcuQl5tzzw9Oq+uVAzd2lkM11qZfydSiyIpiB8pgdA==
  dependencies:
    core-js "^3.26.1"
    custom-event-polyfill "^1.0.7"
    loadjs "^4.2.0"
    rangetouch "^2.0.1"
    url-polyfill "^1.1.12"

postcss-selector-parser@^6.0.10:
  version "6.1.2"
  dependencies:
    cssesc "^3.0.0"
    util-deprecate "^1.0.2"

postcss@^8.4.13:
  version "8.4.38"
  resolved "https://registry.npmjs.org/postcss/-/postcss-8.4.38.tgz"
  integrity sha512-Wglpdk03BSfXkHoQa3b/oulrotAkwrlLDRSOb9D0bN86FdRyE9lppSp33aHNPgBa0JKCoB+drFLZkQoRRYae5A==
  dependencies:
    nanoid "^3.3.7"
    picocolors "^1.0.0"
    source-map-js "^1.2.0"

proc-log@^4.0.0, proc-log@^4.1.0, proc-log@^4.2.0:
  version "4.2.0"

proggy@^2.0.0:
  version "2.0.0"

promise-all-reject-late@^1.0.0:
  version "1.0.1"

promise-call-limit@^3.0.1:
  version "3.0.1"

promise-inflight@^1.0.1:
  version "1.0.1"

promise-retry@^2.0.1:
  version "2.0.1"
  dependencies:
    err-code "^2.0.2"
    retry "^0.12.0"

promzard@^1.0.0:
  version "1.0.2"
  dependencies:
    read "^3.0.1"

qrcode-terminal@^0.12.0:
  version "0.12.0"

rangetouch@^2.0.1:
  version "2.0.1"
  resolved "https://registry.npmjs.org/rangetouch/-/rangetouch-2.0.1.tgz"
  integrity sha512-sln+pNSc8NGaHoLzwNBssFSf/rSYkqeBXzX1AtJlkJiUaVSJSbRAWJk+4omsXkN+EJalzkZhWQ3th1m0FpR5xA==

read-cmd-shim@^4.0.0:
  version "4.0.0"

read-package-json-fast@^3.0.0, read-package-json-fast@^3.0.2:
  version "3.0.2"
  dependencies:
    json-parse-even-better-errors "^3.0.0"
    npm-normalize-package-bin "^3.0.0"

read@^3.0.1:
  version "3.0.1"
  dependencies:
    mute-stream "^1.0.0"

resolve@^1.22.0:
  version "1.22.8"
  resolved "https://registry.npmjs.org/resolve/-/resolve-1.22.8.tgz"
  integrity sha512-oKWePCxqpd6FlLvGV1VU0x7bkPmmCNolxzjMf4NczoDnQcIWrAF+cPtZn5i6n+RfD2d9i0tzpKnG6Yk168yIyw==
  dependencies:
    is-core-module "^2.13.0"
    path-parse "^1.0.7"
    supports-preserve-symlinks-flag "^1.0.0"

retry@^0.12.0:
  version "0.12.0"

rimraf@^3.0.2:
  version "3.0.2"
  resolved "https://registry.npmjs.org/rimraf/-/rimraf-3.0.2.tgz"
  integrity sha512-JZkJMZkAGFFPP2YqXZXPbMlMBgsxzE8ILs4lMIX/2o0L9UBw9O/Y3o6wFw/i9YLapcUJWwqbi3kdxIPdC62TIA==
  dependencies:
    glob "^7.1.3"

"rollup@>=2.59.0 <2.78.0":
  version "2.77.3"
  resolved "https://registry.npmjs.org/rollup/-/rollup-2.77.3.tgz"
  integrity sha512-/qxNTG7FbmefJWoeeYJFbHehJ2HNWnjkAFRKzWN/45eNBBF/r8lo992CwcJXEzyVxs5FmfId+vTSTQDb+bxA+g==
  optionalDependencies:
    fsevents "~2.3.2"

"safer-buffer@>= 2.1.2 < 3.0.0":
  version "2.1.2"

semver@^7.1.1, semver@^7.3.5, semver@^7.3.7, semver@^7.5.3, semver@^7.6.3:
  version "7.6.3"

shebang-command@^2.0.0:
  version "2.0.0"
  dependencies:
    shebang-regex "^3.0.0"

shebang-regex@^3.0.0:
  version "3.0.0"

signal-exit@^4.0.1:
  version "4.1.0"

sigstore@^2.2.0:
  version "2.3.1"
  dependencies:
    "@sigstore/bundle" "^2.3.2"
    "@sigstore/core" "^1.0.0"
    "@sigstore/protobuf-specs" "^0.3.2"
    "@sigstore/sign" "^2.3.2"
    "@sigstore/tuf" "^2.3.4"
    "@sigstore/verify" "^1.2.1"

smart-buffer@^4.2.0:
  version "4.2.0"

socks-proxy-agent@^8.0.3:
  version "8.0.4"
  dependencies:
    agent-base "^7.1.1"
    debug "^4.3.4"
    socks "^2.8.3"

socks@^2.8.3:
  version "2.8.3"
  dependencies:
    ip-address "^9.0.5"
    smart-buffer "^4.2.0"

source-map-js@^1.2.0:
  version "1.2.0"
  resolved "https://registry.npmjs.org/source-map-js/-/source-map-js-1.2.0.tgz"
  integrity sha512-itJW8lvSA0TXEphiRoawsCksnlf8SyvmFzIhltqAHluXd88pkCd+cXJVHTDwdCr0IzwptSm035IHQktUu1QUMg==

spdx-correct@^3.0.0:
  version "3.2.0"
  dependencies:
    spdx-expression-parse "^3.0.0"
    spdx-license-ids "^3.0.0"

spdx-exceptions@^2.1.0:
  version "2.5.0"

spdx-expression-parse@^3.0.0:
  version "3.0.1"
  dependencies:
    spdx-exceptions "^2.1.0"
    spdx-license-ids "^3.0.0"

spdx-expression-parse@^4.0.0:
  version "4.0.0"
  dependencies:
    spdx-exceptions "^2.1.0"
    spdx-license-ids "^3.0.0"

spdx-license-ids@^3.0.0:
  version "3.0.18"

split-type@^0.2.5:
  version "0.2.5"
  resolved "https://registry.npmjs.org/split-type/-/split-type-0.2.5.tgz"
  integrity sha512-11o9ICDfvcG2cctbrBVfa2VOIa6+umUa32/4NkQ1CXQTZevucChhPpX7N6OzlVyHvuFOMMb04ohnOBaTJem+Ig==

sprintf-js@^1.1.3:
  version "1.1.3"

ssri@^10.0.0, ssri@^10.0.6:
  version "10.0.6"
  dependencies:
    minipass "^7.0.3"

"string-width-cjs@npm:string-width@^4.2.0":
  version "4.2.3"
  dependencies:
    emoji-regex "^8.0.0"
    is-fullwidth-code-point "^3.0.0"
    strip-ansi "^6.0.1"

string-width@^4.1.0, string-width@^4.2.3:
  version "4.2.3"
  dependencies:
    emoji-regex "^8.0.0"
    is-fullwidth-code-point "^3.0.0"
    strip-ansi "^6.0.1"

string-width@^5.0.1:
  version "5.1.2"
  dependencies:
    eastasianwidth "^0.2.0"
    emoji-regex "^9.2.2"
    strip-ansi "^7.0.1"

string-width@^5.1.2:
  version "5.1.2"
  dependencies:
    eastasianwidth "^0.2.0"
    emoji-regex "^9.2.2"
    strip-ansi "^7.0.1"

"strip-ansi-cjs@npm:strip-ansi@^6.0.1":
  version "6.0.1"
  dependencies:
    ansi-regex "^5.0.1"

strip-ansi@^6.0.0, strip-ansi@^6.0.1:
  version "6.0.1"
  dependencies:
    ansi-regex "^5.0.1"

strip-ansi@^7.0.1:
  version "7.1.0"
  dependencies:
    ansi-regex "^6.0.1"

supports-color@^9.4.0:
  version "9.4.0"

supports-preserve-symlinks-flag@^1.0.0:
  version "1.0.0"
  resolved "https://registry.npmjs.org/supports-preserve-symlinks-flag/-/supports-preserve-symlinks-flag-1.0.0.tgz"
  integrity sha512-ot0WnXS9fgdkgIcePe6RHNk1WA8+muPa6cSjeR3V8K27q9BB1rTE3R1p7Hv0z1ZyAc8s6Vvv8DIyWf681MAt0w==

swiper@^11.1.14:
  version "11.1.14"
  resolved "https://registry.npmjs.org/swiper/-/swiper-11.1.14.tgz"
  integrity sha512-VbQLQXC04io6AoAjIUWuZwW4MSYozkcP9KjLdrsG/00Q/yiwvhz9RQyt0nHXV10hi9NVnDNy1/wv7Dzq1lkOCQ==

tar@^6.1.11, tar@^6.2.1:
  version "6.2.1"
  dependencies:
    chownr "^2.0.0"
    fs-minipass "^2.0.0"
    minipass "^5.0.0"
    minizlib "^2.1.1"
    mkdirp "^1.0.3"
    yallist "^4.0.0"

text-table@~0.2.0:
  version "0.2.0"

three@^0.169.0:
  version "0.169.0"
  resolved "https://registry.npmjs.org/three/-/three-0.169.0.tgz"
  integrity sha512-Ed906MA3dR4TS5riErd4QBsRGPcx+HBDX2O5yYE5GqJeFQTPU+M56Va/f/Oph9X7uZo3W3o4l2ZhBZ6f6qUv0w==

tiny-relative-date@^1.3.0:
  version "1.3.0"

treeverse@^3.0.0:
  version "3.0.0"

tslib@^2.4.0:
  version "2.6.2"
  resolved "https://registry.npmjs.org/tslib/-/tslib-2.6.2.tgz"
  integrity sha512-AEYxH93jGFPn/a2iVAwW87VuUIkR1FVUKB77NwMF7nBTDkDrrT/Hpt/IrCJ0QXhW27jTBDcf5ZY7w6RiqTMw2Q==

tuf-js@^2.2.1:
  version "2.2.1"
  dependencies:
    "@tufjs/models" "2.0.1"
    debug "^4.3.4"
    make-fetch-happen "^13.0.1"

unique-filename@^3.0.0:
  version "3.0.0"
  dependencies:
    unique-slug "^4.0.0"

unique-slug@^4.0.0:
  version "4.0.0"
  dependencies:
    imurmurhash "^0.1.4"

url-polyfill@^1.1.12:
  version "1.1.12"
  resolved "https://registry.npmjs.org/url-polyfill/-/url-polyfill-1.1.12.tgz"
  integrity sha512-mYFmBHCapZjtcNHW0MDq9967t+z4Dmg5CJ0KqysK3+ZbyoNOWQHksGCTWwDhxGXllkWlOc10Xfko6v4a3ucM6A==

util-deprecate@^1.0.2:
  version "1.0.2"

validate-npm-package-license@^3.0.4:
  version "3.0.4"
  dependencies:
    spdx-correct "^3.0.0"
    spdx-expression-parse "^3.0.0"

validate-npm-package-name@^5.0.0, validate-npm-package-name@^5.0.1:
  version "5.0.1"

vite-plugin-glsl@^0.1.1:
  version "0.1.5"
  resolved "https://registry.npmjs.org/vite-plugin-glsl/-/vite-plugin-glsl-0.1.5.tgz"
  integrity sha512-BsY0ndZthCXYipF/rc/Vri0s6N/JNwMyCDRJx7qiJNNY8+MiDgzhT2iOIHL7O7v3CvjOG9yOM2+WVTNvnHGT1w==
  dependencies:
    "@rollup/pluginutils" "^4.2.1"
    tslib "^2.4.0"

vite@^2.7.2:
  version "2.9.18"
  resolved "https://registry.npmjs.org/vite/-/vite-2.9.18.tgz"
  integrity sha512-sAOqI5wNM9QvSEE70W3UGMdT8cyEn0+PmJMTFvTB8wB0YbYUWw3gUbY62AOyrXosGieF2htmeLATvNxpv/zNyQ==
  dependencies:
    esbuild "^0.14.27"
    postcss "^8.4.13"
    resolve "^1.22.0"
    rollup ">=2.59.0 <2.78.0"
  optionalDependencies:
    fsevents "~2.3.2"

walk-up-path@^3.0.1:
  version "3.0.1"

which@^2.0.1:
  version "2.0.2"
  dependencies:
    isexe "^2.0.0"

which@^4.0.0:
  version "4.0.0"
  dependencies:
    isexe "^3.1.1"

"wrap-ansi-cjs@npm:wrap-ansi@^7.0.0":
  version "7.0.0"
  dependencies:
    ansi-styles "^4.0.0"
    string-width "^4.1.0"
    strip-ansi "^6.0.0"

wrap-ansi@^8.1.0:
  version "8.1.0"
  dependencies:
    ansi-styles "^6.1.0"
    string-width "^5.0.1"
    strip-ansi "^7.0.1"

wrappy@1:
  version "1.0.2"
  resolved "https://registry.npmjs.org/wrappy/-/wrappy-1.0.2.tgz"
  integrity sha512-l4Sp/DRseor9wL6EvV2+TuQn63dMkPjZ/sp9XkghTEbV9KlPS1xUsZ3u7/IQO4wxtcFB4bgpQPRcR3QCvezPcQ==

write-file-atomic@^5.0.0, write-file-atomic@^5.0.1:
  version "5.0.1"
  dependencies:
    imurmurhash "^0.1.4"
    signal-exit "^4.0.1"

yallist@^4.0.0:
  version "4.0.0"
